
Microsoft Visual Studio Solution File, Format Version 12.00
# Visual Studio 15
VisualStudioVersion = 15.0.28307.438
MinimumVisualStudioVersion = 10.0.40219.1
Project("{FAE04EC0-301F-11D3-BF4B-00C04F79EFBC}") = "XamGps.Android", "XamGps\XamGps.Android\XamGps.Android.csproj", "{12DFDD38-2A22-457E-97FE-788327EE3770}"
EndProject
Project("{FAE04EC0-301F-11D3-BF4B-00C04F79EFBC}") = "XamGps", "XamGps\XamGps\XamGps.csproj", "{11844219-5601-4A5C-B868-703EF93C2B23}"
EndProject
Global
	GlobalSection(SolutionConfigurationPlatforms) = preSolution
		Debug|Any CPU = Debug|Any CPU
		Release|Any CPU = Release|Any CPU
	EndGlobalSection
	GlobalSection(ProjectConfigurationPlatforms) = postSolution
		{12DFDD38-2A22-457E-97FE-788327EE3770}.Debug|Any CPU.ActiveCfg = Debug|Any CPU
		{12DFDD38-2A22-457E-97FE-788327EE3770}.Debug|Any CPU.Build.0 = Debug|Any CPU
		{12DFDD38-2A22-457E-97FE-788327EE3770}.Debug|Any CPU.Deploy.0 = Debug|Any CPU
		{12DFDD38-2A22-457E-97FE-788327EE3770}.Release|Any CPU.ActiveCfg = Release|Any CPU
		{12DFDD38-2A22-457E-97FE-788327EE3770}.Release|Any CPU.Build.0 = Release|Any CPU
		{12DFDD38-2A22-457E-97FE-788327EE3770}.Release|Any CPU.Deploy.0 = Release|Any CPU
		{11844219-5601-4A5C-B868-703EF93C2B23}.Debug|Any CPU.ActiveCfg = Debug|Any CPU
		{11844219-5601-4A5C-B868-703EF93C2B23}.Debug|Any CPU.Build.0 = Debug|Any CPU
		{11844219-5601-4A5C-B868-703EF93C2B23}.Release|Any CPU.ActiveCfg = Release|Any CPU
		{11844219-5601-4A5C-B868-703EF93C2B23}.Release|Any CPU.Build.0 = Release|Any CPU
	EndGlobalSection
	GlobalSection(SolutionProperties) = preSolution
		HideSolutionNode = FALSE
	EndGlobalSection
	GlobalSection(ExtensibilityGlobals) = postSolution
		SolutionGuid = {7AF4FE38-44EE-4574-A452-CB55AC01DEB3}
	EndGlobalSection
EndGlobal
